
Microsoft Visual Studio Solution File, Format Version 12.00
# Visual Studio Version 16
VisualStudioVersion = 16.0.31112.23
MinimumVisualStudioVersion = 10.0.40219.1
Project("{FAE04EC0-301F-11D3-BF4B-00C04F79EFBC}") = "film-theater", "film-theater\film-theater.csproj", "{BC815F1F-91B4-4DD0-B46A-3ACFD5BBCB4C}"
EndProject
Global
	GlobalSection(SolutionConfigurationPlatforms) = preSolution
		Debug|Any CPU = Debug|Any CPU
		Release|Any CPU = Release|Any CPU
	EndGlobalSection
	GlobalSection(ProjectConfigurationPlatforms) = postSolution
		{BC815F1F-91B4-4DD0-B46A-3ACFD5BBCB4C}.Debug|Any CPU.ActiveCfg = Debug|Any CPU
		{BC815F1F-91B4-4DD0-B46A-3ACFD5BBCB4C}.Debug|Any CPU.Build.0 = Debug|Any CPU
		{BC815F1F-91B4-4DD0-B46A-3ACFD5BBCB4C}.Release|Any CPU.ActiveCfg = Release|Any CPU
		{BC815F1F-91B4-4DD0-B46A-3ACFD5BBCB4C}.Release|Any CPU.Build.0 = Release|Any CPU
	EndGlobalSection
	GlobalSection(SolutionProperties) = preSolution
		HideSolutionNode = FALSE
	EndGlobalSection
	GlobalSection(ExtensibilityGlobals) = postSolution
		SolutionGuid = {ACDF7677-F381-432A-882E-40526BAF9CE5}
	EndGlobalSection
EndGlobal
